#MicroXplorer Configuration settings - do not modify
ADC1.Channel-0\#ChannelRegularConversion=ADC_CHANNEL_5
ADC1.Channel-1\#ChannelRegularConversion=ADC_CHANNEL_3
ADC1.Channel-2\#ChannelRegularConversion=ADC_CHANNEL_4
ADC1.Channel-3\#ChannelRegularConversion=ADC_CHANNEL_1
ADC1.ClockPrescaler=ADC_CLOCK_SYNC_PCLK_DIV1
ADC1.ContinuousConvMode=ENABLE
ADC1.DMAContinuousRequests=ENABLE
ADC1.DataAlign=ADC_DATAALIGN_RIGHT
ADC1.DiscontinuousConvMode=DISABLE
ADC1.EOCSelection=ADC_EOC_SEQ_CONV
ADC1.EnableAnalogWatchDog1=false
ADC1.EnableAnalogWatchDog2=false
ADC1.EnableAnalogWatchDog3=false
ADC1.EnableInjectedConversion=ENABLE
ADC1.EnableRegularConversion=ENABLE
ADC1.ExternalTrigConv=ADC_SOFTWARE_START
ADC1.ExternalTrigConvEdge=ADC_EXTERNALTRIGCONVEDGE_NONE
ADC1.IPParameters=Rank-0\#ChannelRegularConversion,Channel-0\#ChannelRegularConversion,SamplingTime-0\#ChannelRegularConversion,OffsetNumber-0\#ChannelRegularConversion,Offset-0\#ChannelRegularConversion,NbrOfConversionFlag,master,ClockPrescaler,Resolution,DataAlign,ScanConvMode,ContinuousConvMode,DiscontinuousConvMode,DMAContinuousRequests,EOCSelection,Overrun,LowPowerAutoWait,EnableRegularConversion,NbrOfConversion,ExternalTrigConv,ExternalTrigConvEdge,EnableInjectedConversion,InjNumberOfConversion,EnableAnalogWatchDog1,EnableAnalogWatchDog2,EnableAnalogWatchDog3,Rank-1\#ChannelRegularConversion,Channel-1\#ChannelRegularConversion,SamplingTime-1\#ChannelRegularConversion,OffsetNumber-1\#ChannelRegularConversion,Offset-1\#ChannelRegularConversion,Rank-2\#ChannelRegularConversion,Channel-2\#ChannelRegularConversion,SamplingTime-2\#ChannelRegularConversion,OffsetNumber-2\#ChannelRegularConversion,Offset-2\#ChannelRegularConversion,Rank-3\#ChannelRegularConversion,Channel-3\#ChannelRegularConversion,SamplingTime-3\#ChannelRegularConversion,OffsetNumber-3\#ChannelRegularConversion,Offset-3\#ChannelRegularConversion
ADC1.InjNumberOfConversion=0
ADC1.LowPowerAutoWait=DISABLE
ADC1.NbrOfConversion=4
ADC1.NbrOfConversionFlag=1
ADC1.Offset-0\#ChannelRegularConversion=0
ADC1.Offset-1\#ChannelRegularConversion=0
ADC1.Offset-2\#ChannelRegularConversion=0
ADC1.Offset-3\#ChannelRegularConversion=0
ADC1.OffsetNumber-0\#ChannelRegularConversion=ADC_OFFSET_NONE
ADC1.OffsetNumber-1\#ChannelRegularConversion=ADC_OFFSET_NONE
ADC1.OffsetNumber-2\#ChannelRegularConversion=ADC_OFFSET_NONE
ADC1.OffsetNumber-3\#ChannelRegularConversion=ADC_OFFSET_NONE
ADC1.Overrun=ADC_OVR_DATA_OVERWRITTEN
ADC1.Rank-0\#ChannelRegularConversion=1
ADC1.Rank-1\#ChannelRegularConversion=2
ADC1.Rank-2\#ChannelRegularConversion=3
ADC1.Rank-3\#ChannelRegularConversion=4
ADC1.Resolution=ADC_RESOLUTION_12B
ADC1.SamplingTime-0\#ChannelRegularConversion=ADC_SAMPLETIME_601CYCLES_5
ADC1.SamplingTime-1\#ChannelRegularConversion=ADC_SAMPLETIME_601CYCLES_5
ADC1.SamplingTime-2\#ChannelRegularConversion=ADC_SAMPLETIME_601CYCLES_5
ADC1.SamplingTime-3\#ChannelRegularConversion=ADC_SAMPLETIME_601CYCLES_5
ADC1.ScanConvMode=ADC_SCAN_ENABLE
ADC1.master=1
ADC2.Channel-22\#ChannelRegularConversion=ADC_CHANNEL_4
ADC2.Channel-23\#ChannelRegularConversion=ADC_CHANNEL_3
ADC2.Channel-24\#ChannelRegularConversion=ADC_CHANNEL_2
ADC2.Channel-25\#ChannelRegularConversion=ADC_CHANNEL_1
ADC2.ClockPrescaler=ADC_CLOCK_SYNC_PCLK_DIV1
ADC2.ContinuousConvMode=ENABLE
ADC2.DMAContinuousRequests=ENABLE
ADC2.DataAlign=ADC_DATAALIGN_RIGHT
ADC2.DiscontinuousConvMode=DISABLE
ADC2.EOCSelection=ADC_EOC_SEQ_CONV
ADC2.EnableAnalogWatchDog1=false
ADC2.EnableAnalogWatchDog2=false
ADC2.EnableAnalogWatchDog3=false
ADC2.EnableInjectedConversion=ENABLE
ADC2.EnableRegularConversion=ENABLE
ADC2.ExternalTrigConv=ADC_SOFTWARE_START
ADC2.ExternalTrigConvEdge=ADC_EXTERNALTRIGCONVEDGE_NONE
ADC2.IPParameters=Rank-22\#ChannelRegularConversion,Channel-22\#ChannelRegularConversion,SamplingTime-22\#ChannelRegularConversion,OffsetNumber-22\#ChannelRegularConversion,Offset-22\#ChannelRegularConversion,NbrOfConversionFlag,ClockPrescaler,Rank-23\#ChannelRegularConversion,Channel-23\#ChannelRegularConversion,SamplingTime-23\#ChannelRegularConversion,OffsetNumber-23\#ChannelRegularConversion,Offset-23\#ChannelRegularConversion,Rank-24\#ChannelRegularConversion,Channel-24\#ChannelRegularConversion,SamplingTime-24\#ChannelRegularConversion,OffsetNumber-24\#ChannelRegularConversion,Offset-24\#ChannelRegularConversion,Rank-25\#ChannelRegularConversion,Channel-25\#ChannelRegularConversion,SamplingTime-25\#ChannelRegularConversion,OffsetNumber-25\#ChannelRegularConversion,Offset-25\#ChannelRegularConversion,NbrOfConversion,ContinuousConvMode,DMAContinuousRequests,EOCSelection,Resolution,DataAlign,ScanConvMode,DiscontinuousConvMode,Overrun,LowPowerAutoWait,EnableRegularConversion,ExternalTrigConv,ExternalTrigConvEdge,EnableInjectedConversion,InjNumberOfConversion,EnableAnalogWatchDog1,EnableAnalogWatchDog2,EnableAnalogWatchDog3
ADC2.InjNumberOfConversion=0
ADC2.LowPowerAutoWait=DISABLE
ADC2.NbrOfConversion=4
ADC2.NbrOfConversionFlag=1
ADC2.Offset-22\#ChannelRegularConversion=0
ADC2.Offset-23\#ChannelRegularConversion=0
ADC2.Offset-24\#ChannelRegularConversion=0
ADC2.Offset-25\#ChannelRegularConversion=0
ADC2.OffsetNumber-22\#ChannelRegularConversion=ADC_OFFSET_NONE
ADC2.OffsetNumber-23\#ChannelRegularConversion=ADC_OFFSET_NONE
ADC2.OffsetNumber-24\#ChannelRegularConversion=ADC_OFFSET_NONE
ADC2.OffsetNumber-25\#ChannelRegularConversion=ADC_OFFSET_NONE
ADC2.Overrun=ADC_OVR_DATA_OVERWRITTEN
ADC2.Rank-22\#ChannelRegularConversion=1
ADC2.Rank-23\#ChannelRegularConversion=2
ADC2.Rank-24\#ChannelRegularConversion=3
ADC2.Rank-25\#ChannelRegularConversion=4
ADC2.Resolution=ADC_RESOLUTION_12B
ADC2.SamplingTime-22\#ChannelRegularConversion=ADC_SAMPLETIME_601CYCLES_5
ADC2.SamplingTime-23\#ChannelRegularConversion=ADC_SAMPLETIME_601CYCLES_5
ADC2.SamplingTime-24\#ChannelRegularConversion=ADC_SAMPLETIME_601CYCLES_5
ADC2.SamplingTime-25\#ChannelRegularConversion=ADC_SAMPLETIME_601CYCLES_5
ADC2.ScanConvMode=ADC_SCAN_ENABLE
ADC3.Channel-0\#ChannelRegularConversion=ADC_CHANNEL_14
ADC3.Channel-1\#ChannelRegularConversion=ADC_CHANNEL_2
ADC3.Channel-2\#ChannelRegularConversion=ADC_CHANNEL_6
ADC3.Channel-3\#ChannelRegularConversion=ADC_CHANNEL_13
ADC3.Channel-4\#ChannelRegularConversion=ADC_CHANNEL_1
ADC3.Channel-5\#ChannelRegularConversion=ADC_CHANNEL_12
ADC3.ClockPrescaler=ADC_CLOCK_SYNC_PCLK_DIV1
ADC3.ContinuousConvMode=ENABLE
ADC3.DMAContinuousRequests=ENABLE
ADC3.DataAlign=ADC_DATAALIGN_RIGHT
ADC3.DiscontinuousConvMode=DISABLE
ADC3.EOCSelection=ADC_EOC_SEQ_CONV
ADC3.EnableAnalogWatchDog1=false
ADC3.EnableAnalogWatchDog2=false
ADC3.EnableAnalogWatchDog3=false
ADC3.EnableInjectedConversion=ENABLE
ADC3.EnableRegularConversion=ENABLE
ADC3.ExternalTrigConv=ADC_SOFTWARE_START
ADC3.ExternalTrigConvEdge=ADC_EXTERNALTRIGCONVEDGE_NONE
ADC3.IPParameters=Rank-0\#ChannelRegularConversion,Channel-0\#ChannelRegularConversion,SamplingTime-0\#ChannelRegularConversion,OffsetNumber-0\#ChannelRegularConversion,Offset-0\#ChannelRegularConversion,NbrOfConversionFlag,master,Rank-1\#ChannelRegularConversion,Channel-1\#ChannelRegularConversion,SamplingTime-1\#ChannelRegularConversion,OffsetNumber-1\#ChannelRegularConversion,Offset-1\#ChannelRegularConversion,Rank-2\#ChannelRegularConversion,Channel-2\#ChannelRegularConversion,SamplingTime-2\#ChannelRegularConversion,OffsetNumber-2\#ChannelRegularConversion,Offset-2\#ChannelRegularConversion,Rank-3\#ChannelRegularConversion,Channel-3\#ChannelRegularConversion,SamplingTime-3\#ChannelRegularConversion,OffsetNumber-3\#ChannelRegularConversion,Offset-3\#ChannelRegularConversion,Rank-4\#ChannelRegularConversion,Channel-4\#ChannelRegularConversion,SamplingTime-4\#ChannelRegularConversion,OffsetNumber-4\#ChannelRegularConversion,Offset-4\#ChannelRegularConversion,Rank-5\#ChannelRegularConversion,Channel-5\#ChannelRegularConversion,SamplingTime-5\#ChannelRegularConversion,OffsetNumber-5\#ChannelRegularConversion,Offset-5\#ChannelRegularConversion,NbrOfConversion,ContinuousConvMode,ClockPrescaler,DMAContinuousRequests,EOCSelection,Resolution,DataAlign,ScanConvMode,DiscontinuousConvMode,Overrun,LowPowerAutoWait,EnableRegularConversion,ExternalTrigConv,ExternalTrigConvEdge,EnableInjectedConversion,InjNumberOfConversion,EnableAnalogWatchDog1,EnableAnalogWatchDog2,EnableAnalogWatchDog3
ADC3.InjNumberOfConversion=0
ADC3.LowPowerAutoWait=DISABLE
ADC3.NbrOfConversion=6
ADC3.NbrOfConversionFlag=1
ADC3.Offset-0\#ChannelRegularConversion=0
ADC3.Offset-1\#ChannelRegularConversion=0
ADC3.Offset-2\#ChannelRegularConversion=0
ADC3.Offset-3\#ChannelRegularConversion=0
ADC3.Offset-4\#ChannelRegularConversion=0
ADC3.Offset-5\#ChannelRegularConversion=0
ADC3.OffsetNumber-0\#ChannelRegularConversion=ADC_OFFSET_NONE
ADC3.OffsetNumber-1\#ChannelRegularConversion=ADC_OFFSET_NONE
ADC3.OffsetNumber-2\#ChannelRegularConversion=ADC_OFFSET_NONE
ADC3.OffsetNumber-3\#ChannelRegularConversion=ADC_OFFSET_NONE
ADC3.OffsetNumber-4\#ChannelRegularConversion=ADC_OFFSET_NONE
ADC3.OffsetNumber-5\#ChannelRegularConversion=ADC_OFFSET_NONE
ADC3.Overrun=ADC_OVR_DATA_OVERWRITTEN
ADC3.Rank-0\#ChannelRegularConversion=1
ADC3.Rank-1\#ChannelRegularConversion=2
ADC3.Rank-2\#ChannelRegularConversion=3
ADC3.Rank-3\#ChannelRegularConversion=4
ADC3.Rank-4\#ChannelRegularConversion=5
ADC3.Rank-5\#ChannelRegularConversion=6
ADC3.Resolution=ADC_RESOLUTION_12B
ADC3.SamplingTime-0\#ChannelRegularConversion=ADC_SAMPLETIME_181CYCLES_5
ADC3.SamplingTime-1\#ChannelRegularConversion=ADC_SAMPLETIME_181CYCLES_5
ADC3.SamplingTime-2\#ChannelRegularConversion=ADC_SAMPLETIME_181CYCLES_5
ADC3.SamplingTime-3\#ChannelRegularConversion=ADC_SAMPLETIME_181CYCLES_5
ADC3.SamplingTime-4\#ChannelRegularConversion=ADC_SAMPLETIME_181CYCLES_5
ADC3.SamplingTime-5\#ChannelRegularConversion=ADC_SAMPLETIME_181CYCLES_5
ADC3.ScanConvMode=ADC_SCAN_ENABLE
ADC3.master=1
ADC4.Channel-0\#ChannelRegularConversion=ADC_CHANNEL_11
ADC4.Channel-1\#ChannelRegularConversion=ADC_CHANNEL_10
ADC4.Channel-2\#ChannelRegularConversion=ADC_CHANNEL_9
ADC4.Channel-3\#ChannelRegularConversion=ADC_CHANNEL_8
ADC4.Channel-4\#ChannelRegularConversion=ADC_CHANNEL_7
ADC4.Channel-5\#ChannelRegularConversion=ADC_CHANNEL_13
ADC4.Channel-6\#ChannelRegularConversion=ADC_CHANNEL_12
ADC4.Channel-7\#ChannelRegularConversion=ADC_CHANNEL_5
ADC4.Channel-8\#ChannelRegularConversion=ADC_CHANNEL_4
ADC4.Channel-9\#ChannelRegularConversion=ADC_CHANNEL_3
ADC4.ClockPrescaler=ADC_CLOCK_SYNC_PCLK_DIV1
ADC4.ContinuousConvMode=ENABLE
ADC4.DMAContinuousRequests=ENABLE
ADC4.DataAlign=ADC_DATAALIGN_RIGHT
ADC4.DiscontinuousConvMode=DISABLE
ADC4.EOCSelection=ADC_EOC_SEQ_CONV
ADC4.EnableAnalogWatchDog1=false
ADC4.EnableAnalogWatchDog2=false
ADC4.EnableAnalogWatchDog3=false
ADC4.EnableInjectedConversion=ENABLE
ADC4.EnableRegularConversion=ENABLE
ADC4.ExternalTrigConv=ADC_SOFTWARE_START
ADC4.ExternalTrigConvEdge=ADC_EXTERNALTRIGCONVEDGE_NONE
ADC4.IPParameters=Rank-0\#ChannelRegularConversion,Channel-0\#ChannelRegularConversion,SamplingTime-0\#ChannelRegularConversion,OffsetNumber-0\#ChannelRegularConversion,Offset-0\#ChannelRegularConversion,NbrOfConversionFlag,ClockPrescaler,Rank-1\#ChannelRegularConversion,Channel-1\#ChannelRegularConversion,SamplingTime-1\#ChannelRegularConversion,OffsetNumber-1\#ChannelRegularConversion,Offset-1\#ChannelRegularConversion,NbrOfConversion,Rank-2\#ChannelRegularConversion,Channel-2\#ChannelRegularConversion,SamplingTime-2\#ChannelRegularConversion,OffsetNumber-2\#ChannelRegularConversion,Offset-2\#ChannelRegularConversion,Rank-3\#ChannelRegularConversion,Channel-3\#ChannelRegularConversion,SamplingTime-3\#ChannelRegularConversion,OffsetNumber-3\#ChannelRegularConversion,Offset-3\#ChannelRegularConversion,Rank-4\#ChannelRegularConversion,Channel-4\#ChannelRegularConversion,SamplingTime-4\#ChannelRegularConversion,OffsetNumber-4\#ChannelRegularConversion,Offset-4\#ChannelRegularConversion,Rank-5\#ChannelRegularConversion,Channel-5\#ChannelRegularConversion,SamplingTime-5\#ChannelRegularConversion,OffsetNumber-5\#ChannelRegularConversion,Offset-5\#ChannelRegularConversion,Rank-6\#ChannelRegularConversion,Channel-6\#ChannelRegularConversion,SamplingTime-6\#ChannelRegularConversion,OffsetNumber-6\#ChannelRegularConversion,Offset-6\#ChannelRegularConversion,Rank-7\#ChannelRegularConversion,Channel-7\#ChannelRegularConversion,SamplingTime-7\#ChannelRegularConversion,OffsetNumber-7\#ChannelRegularConversion,Offset-7\#ChannelRegularConversion,Rank-8\#ChannelRegularConversion,Channel-8\#ChannelRegularConversion,SamplingTime-8\#ChannelRegularConversion,OffsetNumber-8\#ChannelRegularConversion,Offset-8\#ChannelRegularConversion,Rank-9\#ChannelRegularConversion,Channel-9\#ChannelRegularConversion,SamplingTime-9\#ChannelRegularConversion,OffsetNumber-9\#ChannelRegularConversion,Offset-9\#ChannelRegularConversion,ContinuousConvMode,DMAContinuousRequests,EOCSelection,Resolution,DataAlign,ScanConvMode,DiscontinuousConvMode,Overrun,LowPowerAutoWait,EnableRegularConversion,ExternalTrigConv,ExternalTrigConvEdge,EnableInjectedConversion,InjNumberOfConversion,EnableAnalogWatchDog1,EnableAnalogWatchDog2,EnableAnalogWatchDog3
ADC4.InjNumberOfConversion=0
ADC4.LowPowerAutoWait=DISABLE
ADC4.NbrOfConversion=10
ADC4.NbrOfConversionFlag=1
ADC4.Offset-0\#ChannelRegularConversion=0
ADC4.Offset-1\#ChannelRegularConversion=0
ADC4.Offset-2\#ChannelRegularConversion=0
ADC4.Offset-3\#ChannelRegularConversion=0
ADC4.Offset-4\#ChannelRegularConversion=0
ADC4.Offset-5\#ChannelRegularConversion=0
ADC4.Offset-6\#ChannelRegularConversion=0
ADC4.Offset-7\#ChannelRegularConversion=0
ADC4.Offset-8\#ChannelRegularConversion=0
ADC4.Offset-9\#ChannelRegularConversion=0
ADC4.OffsetNumber-0\#ChannelRegularConversion=ADC_OFFSET_NONE
ADC4.OffsetNumber-1\#ChannelRegularConversion=ADC_OFFSET_NONE
ADC4.OffsetNumber-2\#ChannelRegularConversion=ADC_OFFSET_NONE
ADC4.OffsetNumber-3\#ChannelRegularConversion=ADC_OFFSET_NONE
ADC4.OffsetNumber-4\#ChannelRegularConversion=ADC_OFFSET_NONE
ADC4.OffsetNumber-5\#ChannelRegularConversion=ADC_OFFSET_NONE
ADC4.OffsetNumber-6\#ChannelRegularConversion=ADC_OFFSET_NONE
ADC4.OffsetNumber-7\#ChannelRegularConversion=ADC_OFFSET_NONE
ADC4.OffsetNumber-8\#ChannelRegularConversion=ADC_OFFSET_NONE
ADC4.OffsetNumber-9\#ChannelRegularConversion=ADC_OFFSET_NONE
ADC4.Overrun=ADC_OVR_DATA_OVERWRITTEN
ADC4.Rank-0\#ChannelRegularConversion=1
ADC4.Rank-1\#ChannelRegularConversion=2
ADC4.Rank-2\#ChannelRegularConversion=3
ADC4.Rank-3\#ChannelRegularConversion=4
ADC4.Rank-4\#ChannelRegularConversion=5
ADC4.Rank-5\#ChannelRegularConversion=6
ADC4.Rank-6\#ChannelRegularConversion=7
ADC4.Rank-7\#ChannelRegularConversion=8
ADC4.Rank-8\#ChannelRegularConversion=9
ADC4.Rank-9\#ChannelRegularConversion=10
ADC4.Resolution=ADC_RESOLUTION_12B
ADC4.SamplingTime-0\#ChannelRegularConversion=ADC_SAMPLETIME_181CYCLES_5
ADC4.SamplingTime-1\#ChannelRegularConversion=ADC_SAMPLETIME_181CYCLES_5
ADC4.SamplingTime-2\#ChannelRegularConversion=ADC_SAMPLETIME_181CYCLES_5
ADC4.SamplingTime-3\#ChannelRegularConversion=ADC_SAMPLETIME_181CYCLES_5
ADC4.SamplingTime-4\#ChannelRegularConversion=ADC_SAMPLETIME_181CYCLES_5
ADC4.SamplingTime-5\#ChannelRegularConversion=ADC_SAMPLETIME_181CYCLES_5
ADC4.SamplingTime-6\#ChannelRegularConversion=ADC_SAMPLETIME_181CYCLES_5
ADC4.SamplingTime-7\#ChannelRegularConversion=ADC_SAMPLETIME_181CYCLES_5
ADC4.SamplingTime-8\#ChannelRegularConversion=ADC_SAMPLETIME_181CYCLES_5
ADC4.SamplingTime-9\#ChannelRegularConversion=ADC_SAMPLETIME_181CYCLES_5
ADC4.ScanConvMode=ADC_SCAN_ENABLE
Dma.ADC1.2.Direction=DMA_PERIPH_TO_MEMORY
Dma.ADC1.2.Instance=DMA1_Channel1
Dma.ADC1.2.MemDataAlignment=DMA_MDATAALIGN_HALFWORD
Dma.ADC1.2.MemInc=DMA_MINC_ENABLE
Dma.ADC1.2.Mode=DMA_CIRCULAR
Dma.ADC1.2.PeriphDataAlignment=DMA_PDATAALIGN_HALFWORD
Dma.ADC1.2.PeriphInc=DMA_PINC_DISABLE
Dma.ADC1.2.Priority=DMA_PRIORITY_HIGH
Dma.ADC1.2.RequestParameters=Instance,Direction,PeriphInc,MemInc,PeriphDataAlignment,MemDataAlignment,Mode,Priority
Dma.ADC2.1.Direction=DMA_PERIPH_TO_MEMORY
Dma.ADC2.1.Instance=DMA2_Channel1
Dma.ADC2.1.MemDataAlignment=DMA_MDATAALIGN_HALFWORD
Dma.ADC2.1.MemInc=DMA_MINC_ENABLE
Dma.ADC2.1.Mode=DMA_CIRCULAR
Dma.ADC2.1.PeriphDataAlignment=DMA_PDATAALIGN_HALFWORD
Dma.ADC2.1.PeriphInc=DMA_PINC_DISABLE
Dma.ADC2.1.Priority=DMA_PRIORITY_HIGH
Dma.ADC2.1.RequestParameters=Instance,Direction,PeriphInc,MemInc,PeriphDataAlignment,MemDataAlignment,Mode,Priority
Dma.ADC3.0.Direction=DMA_PERIPH_TO_MEMORY
Dma.ADC3.0.Instance=DMA2_Channel5
Dma.ADC3.0.MemDataAlignment=DMA_MDATAALIGN_HALFWORD
Dma.ADC3.0.MemInc=DMA_MINC_ENABLE
Dma.ADC3.0.Mode=DMA_CIRCULAR
Dma.ADC3.0.PeriphDataAlignment=DMA_PDATAALIGN_HALFWORD
Dma.ADC3.0.PeriphInc=DMA_PINC_DISABLE
Dma.ADC3.0.Priority=DMA_PRIORITY_MEDIUM
Dma.ADC3.0.RequestParameters=Instance,Direction,PeriphInc,MemInc,PeriphDataAlignment,MemDataAlignment,Mode,Priority
Dma.ADC4.3.Direction=DMA_PERIPH_TO_MEMORY
Dma.ADC4.3.Instance=DMA2_Channel2
Dma.ADC4.3.MemDataAlignment=DMA_MDATAALIGN_HALFWORD
Dma.ADC4.3.MemInc=DMA_MINC_ENABLE
Dma.ADC4.3.Mode=DMA_CIRCULAR
Dma.ADC4.3.PeriphDataAlignment=DMA_PDATAALIGN_HALFWORD
Dma.ADC4.3.PeriphInc=DMA_PINC_DISABLE
Dma.ADC4.3.Priority=DMA_PRIORITY_MEDIUM
Dma.ADC4.3.RequestParameters=Instance,Direction,PeriphInc,MemInc,PeriphDataAlignment,MemDataAlignment,Mode,Priority
Dma.Request0=ADC3
Dma.Request1=ADC2
Dma.Request2=ADC1
Dma.Request3=ADC4
Dma.RequestsNb=4
File.Version=6
KeepUserPlacement=false
Mcu.Family=STM32F3
Mcu.IP0=ADC1
Mcu.IP1=ADC2
Mcu.IP10=USB_DEVICE
Mcu.IP2=ADC3
Mcu.IP3=ADC4
Mcu.IP4=DMA
Mcu.IP5=NVIC
Mcu.IP6=RCC
Mcu.IP7=SYS
Mcu.IP8=TIM6
Mcu.IP9=USB
Mcu.IPNb=11
Mcu.Name=STM32F303V(B-C)Tx
Mcu.Package=LQFP100
Mcu.Pin0=PF0-OSC_IN
Mcu.Pin1=PA0
Mcu.Pin10=PB1
Mcu.Pin11=PE7
Mcu.Pin12=PE8
Mcu.Pin13=PE9
Mcu.Pin14=PE10
Mcu.Pin15=PE11
Mcu.Pin16=PE12
Mcu.Pin17=PE13
Mcu.Pin18=PE14
Mcu.Pin19=PE15
Mcu.Pin2=PA2
Mcu.Pin20=PB12
Mcu.Pin21=PB14
Mcu.Pin22=PB15
Mcu.Pin23=PD8
Mcu.Pin24=PD9
Mcu.Pin25=PD10
Mcu.Pin26=PD11
Mcu.Pin27=PD12
Mcu.Pin28=PD13
Mcu.Pin29=PD14
Mcu.Pin3=PA3
Mcu.Pin30=PA11
Mcu.Pin31=PA12
Mcu.Pin32=PA13
Mcu.Pin33=PA14
Mcu.Pin34=VP_SYS_VS_Systick
Mcu.Pin35=VP_TIM6_VS_ClockSourceINT
Mcu.Pin36=VP_USB_DEVICE_VS_USB_DEVICE_CDC_FS
Mcu.Pin4=PF4
Mcu.Pin5=PA4
Mcu.Pin6=PA5
Mcu.Pin7=PA6
Mcu.Pin8=PA7
Mcu.Pin9=PB0
Mcu.PinsNb=37
Mcu.UserConstants=htim6_PSC,72;htim6_ARR,999
Mcu.UserName=STM32F303VCTx
MxCube.Version=4.20.1
MxDb.Version=DB.4.0.200
NVIC.BusFault_IRQn=true\:0\:0\:false\:false\:true
NVIC.DMA1_Channel1_IRQn=true\:0\:0\:false\:false\:true
NVIC.DMA2_Channel1_IRQn=true\:0\:0\:false\:false\:true
NVIC.DMA2_Channel2_IRQn=true\:0\:0\:false\:false\:true
NVIC.DMA2_Channel5_IRQn=true\:0\:0\:false\:false\:true
NVIC.DebugMonitor_IRQn=true\:0\:0\:false\:false\:true
NVIC.HardFault_IRQn=true\:0\:0\:false\:false\:true
NVIC.MemoryManagement_IRQn=true\:0\:0\:false\:false\:true
NVIC.NonMaskableInt_IRQn=true\:0\:0\:false\:false\:true
NVIC.PendSV_IRQn=true\:0\:0\:false\:false\:true
NVIC.PriorityGroup=NVIC_PRIORITYGROUP_4
NVIC.SVCall_IRQn=true\:0\:0\:false\:false\:true
NVIC.SysTick_IRQn=true\:0\:0\:false\:false\:true
NVIC.TIM6_DAC_IRQn=true\:0\:0\:false\:false\:true
NVIC.USB_LP_CAN_RX0_IRQn=true\:0\:0\:false\:false\:true
NVIC.UsageFault_IRQn=true\:0\:0\:false\:false\:true
PA0.Locked=true
PA0.Mode=IN1-Single-Ended
PA0.Signal=ADC1_IN1
PA11.Locked=true
PA11.Mode=Device
PA11.Signal=USB_DM
PA12.Locked=true
PA12.Mode=Device
PA12.Signal=USB_DP
PA13.Locked=true
PA13.Mode=Serial_Wire
PA13.Signal=SYS_JTMS-SWDIO
PA14.Locked=true
PA14.Mode=Serial_Wire
PA14.Signal=SYS_JTCK-SWCLK
PA2.Locked=true
PA2.Mode=IN3-Single-Ended
PA2.Signal=ADC1_IN3
PA3.Locked=true
PA3.Mode=IN4-Single-Ended
PA3.Signal=ADC1_IN4
PA4.Locked=true
PA4.Mode=IN1-Single-Ended
PA4.Signal=ADC2_IN1
PA5.Locked=true
PA5.Mode=IN2-Single-Ended
PA5.Signal=ADC2_IN2
PA6.Locked=true
PA6.Mode=IN3-Single-Ended
PA6.Signal=ADC2_IN3
PA7.Locked=true
PA7.Mode=IN4-Single-Ended
PA7.Signal=ADC2_IN4
PB0.Locked=true
PB0.Mode=IN12-Single-Ended
PB0.Signal=ADC3_IN12
PB1.Locked=true
PB1.Mode=IN1-Single-Ended
PB1.Signal=ADC3_IN1
PB12.Locked=true
PB12.Mode=IN3-Single-Ended
PB12.Signal=ADC4_IN3
PB14.Locked=true
PB14.Mode=IN4-Single-Ended
PB14.Signal=ADC4_IN4
PB15.Locked=true
PB15.Mode=IN5-Single-Ended
PB15.Signal=ADC4_IN5
PCC.Checker=false
PCC.Line=STM32F303
PCC.MCU=STM32F303V(B-C)Tx
PCC.MXVersion=4.20.1
PCC.PartNumber=STM32F303VCTx
PCC.Seq0=0
PCC.Series=STM32F3
PCC.Temperature=25
PCC.Vdd=3.6
PD10.Locked=true
PD10.Signal=ADCx_IN7P
PD11.Locked=true
PD11.Signal=ADCx_IN8P
PD12.Locked=true
PD12.Signal=ADCx_IN9P
PD13.Locked=true
PD13.Signal=ADCx_IN10P
PD14.Locked=true
PD14.Signal=ADCx_IN11
PD8.Locked=true
PD8.Mode=IN12-Single-Ended
PD8.Signal=ADC4_IN12
PD9.Locked=true
PD9.Mode=IN13-Single-Ended
PD9.Signal=ADC4_IN13
PE10.Locked=true
PE10.Mode=IN14-Single-Ended
PE10.Signal=ADC3_IN14
PE11.GPIOParameters=GPIO_Label
PE11.GPIO_Label=LD7
PE11.Locked=true
PE11.Signal=GPIO_Output
PE12.GPIOParameters=GPIO_Label
PE12.GPIO_Label=LD9
PE12.Locked=true
PE12.Signal=GPIO_Output
PE13.GPIOParameters=GPIO_Label
PE13.GPIO_Label=LD10
PE13.Locked=true
PE13.Signal=GPIO_Output
PE14.GPIOParameters=GPIO_Label
PE14.GPIO_Label=LD8
PE14.Locked=true
PE14.Signal=GPIO_Output
PE15.GPIOParameters=GPIO_Label
PE15.GPIO_Label=LD6
PE15.Locked=true
PE15.Signal=GPIO_Output
PE7.Locked=true
PE7.Mode=IN13-Single-Ended
PE7.Signal=ADC3_IN13
PE8.Locked=true
PE8.Signal=ADCx_IN6P
PE9.Locked=true
PE9.Mode=IN2-Single-Ended
PE9.Signal=ADC3_IN2
PF0-OSC_IN.Mode=HSE-External-Clock-Source
PF0-OSC_IN.Signal=RCC_OSC_IN
PF4.Locked=true
PF4.Mode=IN5-Single-Ended
PF4.Signal=ADC1_IN5
ProjectManager.AskForMigrate=true
ProjectManager.BackupPrevious=false
ProjectManager.CompilerOptimize=2
ProjectManager.ComputerToolchain=false
ProjectManager.CoupleFile=true
ProjectManager.CustomerFirmwarePackage=C\:/Users/davik/STM32Cube/Repository/STM32Cube_FW_F3_V1.8.0
ProjectManager.DefaultFWLocation=true
ProjectManager.DeletePrevious=true
ProjectManager.DeviceId=STM32F303VCTx
ProjectManager.FirmwarePackage=STM32Cube FW_F3 V1.8.0
ProjectManager.FreePins=false
ProjectManager.HalAssertFull=false
ProjectManager.HeapSize=0x200
ProjectManager.KeepUserCode=true
ProjectManager.LastFirmware=true
ProjectManager.LibraryCopy=1
ProjectManager.PreviousToolchain=SW4STM32
ProjectManager.ProjectBuild=false
ProjectManager.ProjectFileName=sensglove2.ioc
ProjectManager.ProjectName=sensglove2
ProjectManager.StackSize=0x400
ProjectManager.TargetToolchain=SW4STM32
ProjectManager.ToolChainLocation=
ProjectManager.UnderRoot=true
ProjectManager.functionlistsort=1-MX_GPIO_Init-GPIO-false-HAL,2-MX_DMA_Init-DMA-false-HAL,3-SystemClock_Config-RCC-false-HAL,4-MX_ADC1_Init-ADC1-false-HAL,5-MX_ADC2_Init-ADC2-false-HAL,6-MX_ADC3_Init-ADC3-false-HAL,7-MX_ADC4_Init-ADC4-false-HAL,8-MX_TIM6_Init-TIM6-false-HAL,9-MX_USB_DEVICE_Init-USB_DEVICE-false-HAL
RCC.ADC12outputFreq_Value=72000000
RCC.ADC34outputFreq_Value=72000000
RCC.AHBFreq_Value=72000000
RCC.APB1CLKDivider=RCC_HCLK_DIV2
RCC.APB1Freq_Value=36000000
RCC.APB1TimFreq_Value=72000000
RCC.APB2Freq_Value=72000000
RCC.APB2TimFreq_Value=72000000
RCC.CortexFreq_Value=72000000
RCC.EnbaleCSS=true
RCC.FCLKCortexFreq_Value=72000000
RCC.FamilyName=M
RCC.HCLKFreq_Value=72000000
RCC.HSEPLLFreq_Value=8000000
RCC.HSE_VALUE=8000000
RCC.HSIPLLFreq_Value=4000000
RCC.HSI_VALUE=8000000
RCC.I2C1Freq_Value=8000000
RCC.I2C2Freq_Value=8000000
RCC.I2SClocksFreq_Value=72000000
RCC.IPParameters=ADC12outputFreq_Value,ADC34outputFreq_Value,AHBFreq_Value,APB1CLKDivider,APB1Freq_Value,APB1TimFreq_Value,APB2Freq_Value,APB2TimFreq_Value,CortexFreq_Value,EnbaleCSS,FCLKCortexFreq_Value,FamilyName,HCLKFreq_Value,HSEPLLFreq_Value,HSE_VALUE,HSIPLLFreq_Value,HSI_VALUE,I2C1Freq_Value,I2C2Freq_Value,I2SClocksFreq_Value,LSE_VALUE,LSI_VALUE,MCOFreq_Value,PLLCLKFreq_Value,PLLMCOFreq_Value,PLLMUL,PRESCALERUSB,RTCFreq_Value,RTCHSEDivFreq_Value,SYSCLKFreq_VALUE,SYSCLKSourceVirtual,TIM1Freq_Value,TIM2Freq_Value,TIM8Freq_Value,UART4Freq_Value,UART5Freq_Value,USART1Freq_Value,USART2Freq_Value,USART3Freq_Value,USBFreq_Value,VCOOutput2Freq_Value
RCC.LSE_VALUE=32768
RCC.LSI_VALUE=40000
RCC.MCOFreq_Value=72000000
RCC.PLLCLKFreq_Value=72000000
RCC.PLLMCOFreq_Value=36000000
RCC.PLLMUL=RCC_PLL_MUL9
RCC.PRESCALERUSB=RCC_USBCLKSOURCE_PLL_DIV1_5
RCC.RTCFreq_Value=40000
RCC.RTCHSEDivFreq_Value=250000
RCC.SYSCLKFreq_VALUE=72000000
RCC.SYSCLKSourceVirtual=RCC_SYSCLKSOURCE_PLLCLK
RCC.TIM1Freq_Value=72000000
RCC.TIM2Freq_Value=72000000
RCC.TIM8Freq_Value=72000000
RCC.UART4Freq_Value=36000000
RCC.UART5Freq_Value=36000000
RCC.USART1Freq_Value=72000000
RCC.USART2Freq_Value=36000000
RCC.USART3Freq_Value=36000000
RCC.USBFreq_Value=48000000
RCC.VCOOutput2Freq_Value=8000000
SH.ADCx_IN10P.0=ADC4_IN10,IN10-Single-Ended
SH.ADCx_IN10P.ConfNb=1
SH.ADCx_IN11.0=ADC4_IN11,IN11-Single-Ended
SH.ADCx_IN11.ConfNb=1
SH.ADCx_IN6P.0=ADC3_IN6,IN6-Single-Ended
SH.ADCx_IN6P.ConfNb=1
SH.ADCx_IN7P.0=ADC4_IN7,IN7-Single-Ended
SH.ADCx_IN7P.ConfNb=1
SH.ADCx_IN8P.0=ADC4_IN8,IN8-Single-Ended
SH.ADCx_IN8P.ConfNb=1
SH.ADCx_IN9P.0=ADC4_IN9,IN9-Single-Ended
SH.ADCx_IN9P.ConfNb=1
TIM6.IPParameters=Prescaler,Period
TIM6.Period=htim6_ARR
TIM6.Prescaler=htim6_PSC
USB_DEVICE.CLASS_NAME_FS=CDC
USB_DEVICE.IPParameters=VirtualMode,VirtualModeFS,CLASS_NAME_FS,MANUFACTURER_STRING,PRODUCT_STRING_CDC_FS,USBD_SUPPORT_USER_STRING
USB_DEVICE.MANUFACTURER_STRING=SensGlove
USB_DEVICE.PRODUCT_STRING_CDC_FS=SensGlove MU
USB_DEVICE.USBD_SUPPORT_USER_STRING=1
USB_DEVICE.VirtualMode=Cdc
USB_DEVICE.VirtualModeFS=Cdc_FS
VP_SYS_VS_Systick.Mode=SysTick
VP_SYS_VS_Systick.Signal=SYS_VS_Systick
VP_TIM6_VS_ClockSourceINT.Mode=Enable_Timer
VP_TIM6_VS_ClockSourceINT.Signal=TIM6_VS_ClockSourceINT
VP_USB_DEVICE_VS_USB_DEVICE_CDC_FS.Mode=CDC_FS
VP_USB_DEVICE_VS_USB_DEVICE_CDC_FS.Signal=USB_DEVICE_VS_USB_DEVICE_CDC_FS
board=sensglove2
